
Microsoft Visual Studio Solution File, Format Version 11.00
# Visual Studio 2010
Project("{FAE04EC0-301F-11D3-BF4B-00C04F79EFBC}") = "ftplib", "ftplib\ftplib.csproj", "{8347A3A2-13E3-4DBC-9FE1-5785B339F7A9}"
EndProject
Global
	GlobalSection(SolutionConfigurationPlatforms) = preSolution
		Debug|Any CPU = Debug|Any CPU
		Release|Any CPU = Release|Any CPU
	EndGlobalSection
	GlobalSection(ProjectConfigurationPlatforms) = postSolution
		{8347A3A2-13E3-4DBC-9FE1-5785B339F7A9}.Debug|Any CPU.ActiveCfg = Debug|Any CPU
		{8347A3A2-13E3-4DBC-9FE1-5785B339F7A9}.Debug|Any CPU.Build.0 = Debug|Any CPU
		{8347A3A2-13E3-4DBC-9FE1-5785B339F7A9}.Release|Any CPU.ActiveCfg = Release|Any CPU
		{8347A3A2-13E3-4DBC-9FE1-5785B339F7A9}.Release|Any CPU.Build.0 = Release|Any CPU
	EndGlobalSection
	GlobalSection(SolutionProperties) = preSolution
		HideSolutionNode = FALSE
	EndGlobalSection
EndGlobal
